lockfileVersion: 5.3

specifiers:
  pouchdb-adapter-leveldb-core: ^7.2.2
  rocksdb: ^5.1.1

dependencies:
  pouchdb-adapter-leveldb-core: registry.npmmirror.com/pouchdb-adapter-leveldb-core/7.2.2
  rocksdb: registry.npmmirror.com/rocksdb/5.1.1

packages:

  registry.nlark.com/base64-js/1.5.1:
    resolution: {integrity: sha1-GxtEAWClv3rUC2UPCVljSBkDkwo=, registry: https://registry.npm.taobao.org/, tarball: https://registry.nlark.com/base64-js/download/base64-js-1.5.1.tgz}
    name: base64-js
    version: 1.5.1
    dev: false

  registry.nlark.com/buffer-from/1.1.1:
    resolution: {integrity: sha1-MnE7wCj3XAL9txDXx7zsHyxgcO8=, registry: https://registry.npm.taobao.org/, tarball: https://registry.nlark.com/buffer-from/download/buffer-from-1.1.1.tgz}
    name: buffer-from
    version: 1.1.1
    dev: false

  registry.nlark.com/buffer/5.7.1:
    resolution: {integrity: sha1-umLnwTEzBTWCGXFghRqPZI6Z7tA=, registry: https://registry.npm.taobao.org/, tarball: https://registry.nlark.com/buffer/download/buffer-5.7.1.tgz?cache=0&sync_timestamp=1631501038433&other_urls=https%3A%2F%2Fregistry.nlark.com%2Fbuffer%2Fdownload%2Fbuffer-5.7.1.tgz}
    name: buffer
    version: 5.7.1
    dependencies:
      base64-js: registry.nlark.com/base64-js/1.5.1
      ieee754: registry.nlark.com/ieee754/1.2.1
    dev: false

  registry.nlark.com/buffer/6.0.3:
    resolution: {integrity: sha1-Ks5XhFnMj74qcKqo9S7mO2p0xsY=, registry: https://registry.npm.taobao.org/, tarball: https://registry.nlark.com/buffer/download/buffer-6.0.3.tgz?cache=0&sync_timestamp=1631501038433&other_urls=https%3A%2F%2Fregistry.nlark.com%2Fbuffer%2Fdownload%2Fbuffer-6.0.3.tgz}
    name: buffer
    version: 6.0.3
    dependencies:
      base64-js: registry.nlark.com/base64-js/1.5.1
      ieee754: registry.nlark.com/ieee754/1.2.1
    dev: false

  registry.nlark.com/clone-buffer/1.0.0:
    resolution: {integrity: sha1-4+JbIHrE5wGvch4staFnksrD3Fg=, registry: https://registry.npm.taobao.org/, tarball: https://registry.nlark.com/clone-buffer/download/clone-buffer-1.0.0.tgz}
    name: clone-buffer
    version: 1.0.0
    engines: {node: '>= 0.10'}
    dev: false

  registry.nlark.com/core-util-is/1.0.3:
    resolution: {integrity: sha1-pgQtNjTCsn6TKPg3uWX6yDgI24U=, registry: https://registry.npm.taobao.org/, tarball: https://registry.nlark.com/core-util-is/download/core-util-is-1.0.3.tgz}
    name: core-util-is
    version: 1.0.3
    dev: false

  registry.nlark.com/errno/0.1.8:
    resolution: {integrity: sha1-i7Ppx9Rjvkl2/4iPdrSAnrwugR8=, registry: https://registry.npm.taobao.org/, tarball: https://registry.nlark.com/errno/download/errno-0.1.8.tgz}
    name: errno
    version: 0.1.8
    hasBin: true
    dependencies:
      prr: registry.nlark.com/prr/1.0.1
    dev: false

  registry.nlark.com/ieee754/1.2.1:
    resolution: {integrity: sha1-jrehCmP/8l0VpXsAFYbRd9Gw01I=, registry: https://registry.npm.taobao.org/, tarball: https://registry.nlark.com/ieee754/download/ieee754-1.2.1.tgz}
    name: ieee754
    version: 1.2.1
    dev: false

  registry.nlark.com/immediate/3.3.0:
    resolution: {integrity: sha1-Gu8iVReDa8338qLeJgDHn/AmkmY=, registry: https://registry.npm.taobao.org/, tarball: https://registry.nlark.com/immediate/download/immediate-3.3.0.tgz}
    name: immediate
    version: 3.3.0
    dev: false

  registry.nlark.com/inherits/2.0.4:
    resolution: {integrity: sha1-D6LGT5MpF8NDOg3tVTY6rjdBa3w=, registry: https://registry.npm.taobao.org/, tarball: https://registry.nlark.com/inherits/download/inherits-2.0.4.tgz}
    name: inherits
    version: 2.0.4
    dev: false

  registry.nlark.com/isarray/0.0.1:
    resolution: {integrity: sha1-ihis/Kmo9Bd+Cav8YDiTmwXR7t8=, registry: https://registry.npm.taobao.org/, tarball: https://registry.nlark.com/isarray/download/isarray-0.0.1.tgz}
    name: isarray
    version: 0.0.1
    dev: false

  registry.nlark.com/level-concat-iterator/2.0.1:
    resolution: {integrity: sha1-HRAJzxCDQCUss4xR+XJzERk+YmM=, registry: https://registry.npm.taobao.org/, tarball: https://registry.nlark.com/level-concat-iterator/download/level-concat-iterator-2.0.1.tgz}
    name: level-concat-iterator
    version: 2.0.1
    engines: {node: '>=6'}
    dev: false

  registry.nlark.com/level-concat-iterator/3.0.0:
    resolution: {integrity: sha1-QW3a8MLtg08AaqMSTuaJButHadQ=, registry: https://registry.npm.taobao.org/, tarball: https://registry.nlark.com/level-concat-iterator/download/level-concat-iterator-3.0.0.tgz}
    name: level-concat-iterator
    version: 3.0.0
    engines: {node: '>=10'}
    dev: false

  registry.nlark.com/level-iterator-stream/4.0.2:
    resolution: {integrity: sha1-fOumm3E7DX4i/MDR8SjM3Iok95w=, registry: https://registry.npm.taobao.org/, tarball: https://registry.nlark.com/level-iterator-stream/download/level-iterator-stream-4.0.2.tgz}
    name: level-iterator-stream
    version: 4.0.2
    engines: {node: '>=6'}
    dependencies:
      inherits: registry.nlark.com/inherits/2.0.4
      readable-stream: registry.nlark.com/readable-stream/3.6.0
      xtend: registry.nlark.com/xtend/4.0.2
    dev: false

  registry.nlark.com/ltgt/2.2.1:
    resolution: {integrity: sha1-81ypHEk/e3PaDgdJUwTxezH4fuU=, registry: https://registry.npm.taobao.org/, tarball: https://registry.nlark.com/ltgt/download/ltgt-2.2.1.tgz}
    name: ltgt
    version: 2.2.1
    dev: false

  registry.nlark.com/node-gyp-build/4.3.0:
    resolution: {integrity: sha1-nyVrA+WCYVC+Ocdkv1Hpk5RtcaM=, registry: https://registry.npm.taobao.org/, tarball: https://registry.nlark.com/node-gyp-build/download/node-gyp-build-4.3.0.tgz}
    name: node-gyp-build
    version: 4.3.0
    hasBin: true
    dev: false

  registry.nlark.com/prr/1.0.1:
    resolution: {integrity: sha1-0/wRS6BplaRexok/SEzrHXj19HY=, registry: https://registry.npm.taobao.org/, tarball: https://registry.nlark.com/prr/download/prr-1.0.1.tgz}
    name: prr
    version: 1.0.1
    dev: false

  registry.nlark.com/queue-microtask/1.2.3:
    resolution: {integrity: sha1-SSkii7xyTfrEPg77BYyve2z7YkM=, registry: https://registry.npm.taobao.org/, tarball: https://registry.nlark.com/queue-microtask/download/queue-microtask-1.2.3.tgz}
    name: queue-microtask
    version: 1.2.3
    dev: false

  registry.nlark.com/readable-stream/1.1.14:
    resolution: {integrity: sha1-fPTFTvZI44EwhMY23SB54WbAgdk=, registry: https://registry.npm.taobao.org/, tarball: https://registry.nlark.com/readable-stream/download/readable-stream-1.1.14.tgz}
    name: readable-stream
    version: 1.1.14
    dependencies:
      core-util-is: registry.nlark.com/core-util-is/1.0.3
      inherits: registry.nlark.com/inherits/2.0.4
      isarray: registry.nlark.com/isarray/0.0.1
      string_decoder: registry.nlark.com/string_decoder/0.10.31
    dev: false

  registry.nlark.com/readable-stream/3.6.0:
    resolution: {integrity: sha1-M3u9o63AcGvT4CRCaihtS0sskZg=, registry: https://registry.npm.taobao.org/, tarball: https://registry.nlark.com/readable-stream/download/readable-stream-3.6.0.tgz}
    name: readable-stream
    version: 3.6.0
    engines: {node: '>= 6'}
    dependencies:
      inherits: registry.nlark.com/inherits/2.0.4
      string_decoder: registry.nlark.com/string_decoder/1.3.0
      util-deprecate: registry.nlark.com/util-deprecate/1.0.2
    dev: false

  registry.nlark.com/safe-buffer/5.2.1:
    resolution: {integrity: sha1-Hq+fqb2x/dTsdfWPnNtOa3gn7sY=, registry: https://registry.npm.taobao.org/, tarball: https://registry.nlark.com/safe-buffer/download/safe-buffer-5.2.1.tgz}
    name: safe-buffer
    version: 5.2.1
    dev: false

  registry.nlark.com/spark-md5/3.0.1:
    resolution: {integrity: sha1-g6DiVXNPKrTlxGblos/JuiqiEk0=, registry: https://registry.npm.taobao.org/, tarball: https://registry.nlark.com/spark-md5/download/spark-md5-3.0.1.tgz}
    name: spark-md5
    version: 3.0.1
    dev: false

  registry.nlark.com/string_decoder/0.10.31:
    resolution: {integrity: sha1-YuIDvEF2bGwoyfyEMB2rHFMQ+pQ=, registry: https://registry.npm.taobao.org/, tarball: https://registry.nlark.com/string_decoder/download/string_decoder-0.10.31.tgz}
    name: string_decoder
    version: 0.10.31
    dev: false

  registry.nlark.com/string_decoder/1.3.0:
    resolution: {integrity: sha1-QvEUWUpGzxqOMLCoT1bHjD7awh4=, registry: https://registry.npm.taobao.org/, tarball: https://registry.nlark.com/string_decoder/download/string_decoder-1.3.0.tgz}
    name: string_decoder
    version: 1.3.0
    dependencies:
      safe-buffer: registry.nlark.com/safe-buffer/5.2.1
    dev: false

  registry.nlark.com/through2/3.0.2:
    resolution: {integrity: sha1-mfiJMc/HYex2eLQdXXM2tbage/Q=, registry: https://registry.npm.taobao.org/, tarball: https://registry.nlark.com/through2/download/through2-3.0.2.tgz?cache=0&sync_timestamp=1631600285146&other_urls=https%3A%2F%2Fregistry.nlark.com%2Fthrough2%2Fdownload%2Fthrough2-3.0.2.tgz}
    name: through2
    version: 3.0.2
    dependencies:
      inherits: registry.nlark.com/inherits/2.0.4
      readable-stream: registry.nlark.com/readable-stream/3.6.0
    dev: false

  registry.nlark.com/util-deprecate/1.0.2:
    resolution: {integrity: sha1-RQ1Nyfpw3nMnYvvS1KKJgUGaDM8=, registry: https://registry.npm.taobao.org/, tarball: https://registry.nlark.com/util-deprecate/download/util-deprecate-1.0.2.tgz}
    name: util-deprecate
    version: 1.0.2
    dev: false

  registry.nlark.com/uuid/8.1.0:
    resolution: {integrity: sha1-bxU260Mkn0c6vGvVj/mD2hyjDY0=, registry: https://registry.npm.taobao.org/, tarball: https://registry.nlark.com/uuid/download/uuid-8.1.0.tgz}
    name: uuid
    version: 8.1.0
    hasBin: true
    dev: false

  registry.nlark.com/xtend/4.0.2:
    resolution: {integrity: sha1-u3J3n1+kZRhrH0OPZ0+jR/2121Q=, registry: https://registry.npm.taobao.org/, tarball: https://registry.nlark.com/xtend/download/xtend-4.0.2.tgz}
    name: xtend
    version: 4.0.2
    engines: {node: '>=0.4'}
    dev: false

  registry.npmmirror.com/abstract-leveldown/6.2.3:
    resolution: {integrity: sha1-A2VD2H43EPJSjkcEC8MmG3epqOs=, registry: https://registry.npm.taobao.org/, tarball: https://registry.npmmirror.com/abstract-leveldown/download/abstract-leveldown-6.2.3.tgz}
    name: abstract-leveldown
    version: 6.2.3
    engines: {node: '>=6'}
    dependencies:
      buffer: registry.nlark.com/buffer/5.7.1
      immediate: registry.nlark.com/immediate/3.3.0
      level-concat-iterator: registry.nlark.com/level-concat-iterator/2.0.1
      level-supports: registry.npmmirror.com/level-supports/1.0.1
      xtend: registry.nlark.com/xtend/4.0.2
    dev: false

  registry.npmmirror.com/abstract-leveldown/7.2.0:
    resolution: {integrity: sha1-CNGdTib7W+Qm96VwBIUbOeF5Wi4=, registry: https://registry.npm.taobao.org/, tarball: https://registry.npmmirror.com/abstract-leveldown/download/abstract-leveldown-7.2.0.tgz}
    name: abstract-leveldown
    version: 7.2.0
    engines: {node: '>=10'}
    dependencies:
      buffer: registry.nlark.com/buffer/6.0.3
      catering: registry.npmmirror.com/catering/2.1.0
      is-buffer: registry.npmmirror.com/is-buffer/2.0.5
      level-concat-iterator: registry.nlark.com/level-concat-iterator/3.0.0
      level-supports: registry.npmmirror.com/level-supports/2.0.2
      queue-microtask: registry.nlark.com/queue-microtask/1.2.3
    dev: false

  registry.npmmirror.com/argsarray/0.0.1:
    resolution: {integrity: sha1-bnIHtOzbObCviDA/pa4ivajfYcs=, registry: https://registry.npm.taobao.org/, tarball: https://registry.npmmirror.com/argsarray/download/argsarray-0.0.1.tgz}
    name: argsarray
    version: 0.0.1
    dev: false

  registry.npmmirror.com/catering/2.1.0:
    resolution: {integrity: sha1-E1T16OIxpbgDCTArsjtAYk0yEsU=, registry: https://registry.npm.taobao.org/, tarball: https://registry.npmmirror.com/catering/download/catering-2.1.0.tgz}
    name: catering
    version: 2.1.0
    engines: {node: '>=6'}
    dependencies:
      queue-tick: registry.npmmirror.com/queue-tick/1.0.0
    dev: false

  registry.npmmirror.com/deferred-leveldown/5.3.0:
    resolution: {integrity: sha1-J6mXrZVAi2EWGqab1Im4bHG3gFg=, registry: https://registry.npm.taobao.org/, tarball: https://registry.npmmirror.com/deferred-leveldown/download/deferred-leveldown-5.3.0.tgz}
    name: deferred-leveldown
    version: 5.3.0
    engines: {node: '>=6'}
    dependencies:
      abstract-leveldown: registry.npmmirror.com/abstract-leveldown/6.2.3
      inherits: registry.nlark.com/inherits/2.0.4
    dev: false

  registry.npmmirror.com/double-ended-queue/2.1.0-0:
    resolution: {integrity: sha1-ED01J/0xUo9AGIEwyEHv3XgmTlw=, registry: https://registry.npm.taobao.org/, tarball: https://registry.npmmirror.com/double-ended-queue/download/double-ended-queue-2.1.0-0.tgz}
    name: double-ended-queue
    version: 2.1.0-0
    dev: false

  registry.npmmirror.com/is-buffer/2.0.5:
    resolution: {integrity: sha1-68JS5ADSL/jXf6CYiIIaJKZYwZE=, registry: https://registry.npm.taobao.org/, tarball: https://registry.npmmirror.com/is-buffer/download/is-buffer-2.0.5.tgz}
    name: is-buffer
    version: 2.0.5
    engines: {node: '>=4'}
    dev: false

  registry.npmmirror.com/level-codec/9.0.2:
    resolution: {integrity: sha1-/WDfjGR4aoDUTmNCMJb/6tY9jLw=, registry: https://registry.npm.taobao.org/, tarball: https://registry.npmmirror.com/level-codec/download/level-codec-9.0.2.tgz}
    name: level-codec
    version: 9.0.2
    engines: {node: '>=6'}
    dependencies:
      buffer: registry.nlark.com/buffer/5.7.1
    dev: false

  registry.npmmirror.com/level-errors/2.0.1:
    resolution: {integrity: sha1-ITKmd79OZ5zgKfUXwvF0MoAMBcg=, registry: https://registry.npm.taobao.org/, tarball: https://registry.npmmirror.com/level-errors/download/level-errors-2.0.1.tgz}
    name: level-errors
    version: 2.0.1
    engines: {node: '>=6'}
    dependencies:
      errno: registry.nlark.com/errno/0.1.8
    dev: false

  registry.npmmirror.com/level-supports/1.0.1:
    resolution: {integrity: sha1-L1MKWWg0xzAWIlIZiOLDa7d9Ei0=, registry: https://registry.npm.taobao.org/, tarball: https://registry.npmmirror.com/level-supports/download/level-supports-1.0.1.tgz}
    name: level-supports
    version: 1.0.1
    engines: {node: '>=6'}
    dependencies:
      xtend: registry.nlark.com/xtend/4.0.2
    dev: false

  registry.npmmirror.com/level-supports/2.0.2:
    resolution: {integrity: sha1-m4o7LejSXNTzHShcp6hCxWZsLGU=, registry: https://registry.npm.taobao.org/, tarball: https://registry.npmmirror.com/level-supports/download/level-supports-2.0.2.tgz}
    name: level-supports
    version: 2.0.2
    engines: {node: '>=10'}
    dev: false

  registry.npmmirror.com/levelup/4.4.0:
    resolution: {integrity: sha1-+J2joijDjetJxI+Ipw+3HwHK/tY=, registry: https://registry.npm.taobao.org/, tarball: https://registry.npmmirror.com/levelup/download/levelup-4.4.0.tgz}
    name: levelup
    version: 4.4.0
    engines: {node: '>=6'}
    dependencies:
      deferred-leveldown: registry.npmmirror.com/deferred-leveldown/5.3.0
      level-errors: registry.npmmirror.com/level-errors/2.0.1
      level-iterator-stream: registry.nlark.com/level-iterator-stream/4.0.2
      level-supports: registry.npmmirror.com/level-supports/1.0.1
      xtend: registry.nlark.com/xtend/4.0.2
    dev: false

  registry.npmmirror.com/napi-macros/2.0.0:
    resolution: {integrity: sha1-K2uuQh57lutoeqbHenhYZAZwABs=, registry: https://registry.npm.taobao.org/, tarball: https://registry.npmmirror.com/napi-macros/download/napi-macros-2.0.0.tgz}
    name: napi-macros
    version: 2.0.0
    dev: false

  registry.npmmirror.com/pouchdb-adapter-leveldb-core/7.2.2:
    resolution: {integrity: sha1-4KpqR24mB9euifSoA8n7pubQWoo=, registry: https://registry.npm.taobao.org/, tarball: https://registry.npmmirror.com/pouchdb-adapter-leveldb-core/download/pouchdb-adapter-leveldb-core-7.2.2.tgz}
    name: pouchdb-adapter-leveldb-core
    version: 7.2.2
    dependencies:
      argsarray: registry.npmmirror.com/argsarray/0.0.1
      buffer-from: registry.nlark.com/buffer-from/1.1.1
      double-ended-queue: registry.npmmirror.com/double-ended-queue/2.1.0-0
      levelup: registry.npmmirror.com/levelup/4.4.0
      pouchdb-adapter-utils: registry.npmmirror.com/pouchdb-adapter-utils/7.2.2
      pouchdb-binary-utils: registry.npmmirror.com/pouchdb-binary-utils/7.2.2
      pouchdb-collections: registry.npmmirror.com/pouchdb-collections/7.2.2
      pouchdb-errors: registry.npmmirror.com/pouchdb-errors/7.2.2
      pouchdb-json: registry.npmmirror.com/pouchdb-json/7.2.2
      pouchdb-md5: registry.npmmirror.com/pouchdb-md5/7.2.2
      pouchdb-merge: registry.npmmirror.com/pouchdb-merge/7.2.2
      pouchdb-utils: registry.npmmirror.com/pouchdb-utils/7.2.2
      sublevel-pouchdb: registry.npmmirror.com/sublevel-pouchdb/7.2.2
      through2: registry.nlark.com/through2/3.0.2
    dev: false

  registry.npmmirror.com/pouchdb-adapter-utils/7.2.2:
    resolution: {integrity: sha1-xkQmRH2QRLoxUXoYUA1tLSir1H0=, registry: https://registry.npm.taobao.org/, tarball: https://registry.npmmirror.com/pouchdb-adapter-utils/download/pouchdb-adapter-utils-7.2.2.tgz}
    name: pouchdb-adapter-utils
    version: 7.2.2
    dependencies:
      pouchdb-binary-utils: registry.npmmirror.com/pouchdb-binary-utils/7.2.2
      pouchdb-collections: registry.npmmirror.com/pouchdb-collections/7.2.2
      pouchdb-errors: registry.npmmirror.com/pouchdb-errors/7.2.2
      pouchdb-md5: registry.npmmirror.com/pouchdb-md5/7.2.2
      pouchdb-merge: registry.npmmirror.com/pouchdb-merge/7.2.2
      pouchdb-utils: registry.npmmirror.com/pouchdb-utils/7.2.2
    dev: false

  registry.npmmirror.com/pouchdb-binary-utils/7.2.2:
    resolution: {integrity: sha1-BpCzSAUsVDseZ/Ay9HCSyoK8sQ4=, registry: https://registry.npm.taobao.org/, tarball: https://registry.npmmirror.com/pouchdb-binary-utils/download/pouchdb-binary-utils-7.2.2.tgz}
    name: pouchdb-binary-utils
    version: 7.2.2
    dependencies:
      buffer-from: registry.nlark.com/buffer-from/1.1.1
    dev: false

  registry.npmmirror.com/pouchdb-collections/7.2.2:
    resolution: {integrity: sha1-ru138zMiQp4/WdWeojO0j/DmhXI=, registry: https://registry.npm.taobao.org/, tarball: https://registry.npmmirror.com/pouchdb-collections/download/pouchdb-collections-7.2.2.tgz}
    name: pouchdb-collections
    version: 7.2.2
    dev: false

  registry.npmmirror.com/pouchdb-errors/7.2.2:
    resolution: {integrity: sha1-gNgR1lx2bJ0gt1XG5swSP4w8R5I=, registry: https://registry.npm.taobao.org/, tarball: https://registry.npmmirror.com/pouchdb-errors/download/pouchdb-errors-7.2.2.tgz}
    name: pouchdb-errors
    version: 7.2.2
    dependencies:
      inherits: registry.nlark.com/inherits/2.0.4
    dev: false

  registry.npmmirror.com/pouchdb-json/7.2.2:
    resolution: {integrity: sha1-uTm+JLkacyLpokuIgKbiFRTsXh8=, registry: https://registry.npm.taobao.org/, tarball: https://registry.npmmirror.com/pouchdb-json/download/pouchdb-json-7.2.2.tgz}
    name: pouchdb-json
    version: 7.2.2
    dependencies:
      vuvuzela: registry.npmmirror.com/vuvuzela/1.0.3
    dev: false

  registry.npmmirror.com/pouchdb-md5/7.2.2:
    resolution: {integrity: sha1-QVQBrMWoRBEtdlvR+05dnzj7CDg=, registry: https://registry.npm.taobao.org/, tarball: https://registry.npmmirror.com/pouchdb-md5/download/pouchdb-md5-7.2.2.tgz}
    name: pouchdb-md5
    version: 7.2.2
    dependencies:
      pouchdb-binary-utils: registry.npmmirror.com/pouchdb-binary-utils/7.2.2
      spark-md5: registry.nlark.com/spark-md5/3.0.1
    dev: false

  registry.npmmirror.com/pouchdb-merge/7.2.2:
    resolution: {integrity: sha1-lA2ForUy1qk6bKtLJQ9WSFEbzBY=, registry: https://registry.npm.taobao.org/, tarball: https://registry.npmmirror.com/pouchdb-merge/download/pouchdb-merge-7.2.2.tgz}
    name: pouchdb-merge
    version: 7.2.2
    dev: false

  registry.npmmirror.com/pouchdb-utils/7.2.2:
    resolution: {integrity: sha1-wXxHiPHQUrDa9O+Hl7vEqqOUWqQ=, registry: https://registry.npm.taobao.org/, tarball: https://registry.npmmirror.com/pouchdb-utils/download/pouchdb-utils-7.2.2.tgz}
    name: pouchdb-utils
    version: 7.2.2
    dependencies:
      argsarray: registry.npmmirror.com/argsarray/0.0.1
      clone-buffer: registry.nlark.com/clone-buffer/1.0.0
      immediate: registry.nlark.com/immediate/3.3.0
      inherits: registry.nlark.com/inherits/2.0.4
      pouchdb-collections: registry.npmmirror.com/pouchdb-collections/7.2.2
      pouchdb-errors: registry.npmmirror.com/pouchdb-errors/7.2.2
      pouchdb-md5: registry.npmmirror.com/pouchdb-md5/7.2.2
      uuid: registry.nlark.com/uuid/8.1.0
    dev: false

  registry.npmmirror.com/queue-tick/1.0.0:
    resolution: {integrity: sha1-AREEeTozCa6Gv+3dVOJR3JSjZyU=, registry: https://registry.npm.taobao.org/, tarball: https://registry.npmmirror.com/queue-tick/download/queue-tick-1.0.0.tgz}
    name: queue-tick
    version: 1.0.0
    dev: false

  registry.npmmirror.com/rocksdb/5.1.1:
    resolution: {integrity: sha1-q1qZbUpPJPhPYJpT4eLDMu4ZP50=, registry: https://registry.npm.taobao.org/, tarball: https://registry.npmmirror.com/rocksdb/download/rocksdb-5.1.1.tgz}
    name: rocksdb
    version: 5.1.1
    engines: {node: '>=10.12.0'}
    requiresBuild: true
    dependencies:
      abstract-leveldown: registry.npmmirror.com/abstract-leveldown/7.2.0
      napi-macros: registry.npmmirror.com/napi-macros/2.0.0
      node-gyp-build: registry.nlark.com/node-gyp-build/4.3.0
    dev: false

  registry.npmmirror.com/sublevel-pouchdb/7.2.2:
    resolution: {integrity: sha1-SeRs03iDv3/1AG18W5vMe8wfQi8=, registry: https://registry.npm.taobao.org/, tarball: https://registry.npmmirror.com/sublevel-pouchdb/download/sublevel-pouchdb-7.2.2.tgz}
    name: sublevel-pouchdb
    version: 7.2.2
    dependencies:
      inherits: registry.nlark.com/inherits/2.0.4
      level-codec: registry.npmmirror.com/level-codec/9.0.2
      ltgt: registry.nlark.com/ltgt/2.2.1
      readable-stream: registry.nlark.com/readable-stream/1.1.14
    dev: false

  registry.npmmirror.com/vuvuzela/1.0.3:
    resolution: {integrity: sha1-O+FF5YJxxzylUnndhR8SpoIRSws=, registry: https://registry.npm.taobao.org/, tarball: https://registry.npmmirror.com/vuvuzela/download/vuvuzela-1.0.3.tgz}
    name: vuvuzela
    version: 1.0.3
    dev: false
